{
  "name": "ElectronVariantaFinala",
  "lockfileVersion": 3,
  "requires": true,
  "packages": {
    "": {
      "dependencies": {
        "@genezio-sdk/test_eu-central-1": "^1.0.0-prod"
      }
    },
    "node_modules/@genezio-sdk/test_eu-central-1": {
      "version": "1.0.0-prod",
      "resolved": "https://rt3ersglfpyjlkzcjgql3s7xju0nuzym.lambda-url.us-east-1.on.aws/RegistryHTTPHandler/npm/test_eu-central-1/-/test_eu-central-1-1.0.0-prod.tgz",
      "integrity": "sha512-8G9SuED8RJVEyZgi4pspefsRgBhaCpT4XPLLmaxHXZTKloWOKMMYcNptafDGcQhpNQtNEavABKSeGofQ1njoag=="
    }
  }
}
